
Microsoft Visual Studio Solution File, Format Version 12.00
# Visual Studio 15
VisualStudioVersion = 15.0.27004.2005
MinimumVisualStudioVersion = 10.0.40219.1
Project("{FAE04EC0-301F-11D3-BF4B-00C04F79EFBC}") = "CodeFirstNorthwind", "CodeFirstNorthwind\CodeFirstNorthwind.csproj", "{A8C8F285-3736-4C01-8008-2EA3CA831486}"
EndProject
Global
	GlobalSection(SolutionConfigurationPlatforms) = preSolution
		Debug|Any CPU = Debug|Any CPU
		Release|Any CPU = Release|Any CPU
	EndGlobalSection
	GlobalSection(ProjectConfigurationPlatforms) = postSolution
		{A8C8F285-3736-4C01-8008-2EA3CA831486}.Debug|Any CPU.ActiveCfg = Debug|Any CPU
		{A8C8F285-3736-4C01-8008-2EA3CA831486}.Debug|Any CPU.Build.0 = Debug|Any CPU
		{A8C8F285-3736-4C01-8008-2EA3CA831486}.Release|Any CPU.ActiveCfg = Release|Any CPU
		{A8C8F285-3736-4C01-8008-2EA3CA831486}.Release|Any CPU.Build.0 = Release|Any CPU
	EndGlobalSection
	GlobalSection(SolutionProperties) = preSolution
		HideSolutionNode = FALSE
	EndGlobalSection
	GlobalSection(ExtensibilityGlobals) = postSolution
		SolutionGuid = {7409FF13-FD43-4FD1-B21C-9BD719B476EC}
	EndGlobalSection
EndGlobal
